# Generated by conda-lock.
# platform: linux-64
# input_hash: 27254219deedbb80567e6f44a2710180a7bb50ef6d5ad77ae2873d8fc7d7d83e
@EXPLICIT
https://conda.anaconda.org/conda-forge/linux-64/_libgcc_mutex-0.1-conda_forge.tar.bz2#d7c89558ba9fa0495403155b64376d81
https://conda.anaconda.org/conda-forge/linux-64/ca-certificates-2023.7.22-hbcca054_0.conda#a73ecd2988327ad4c8f2c331482917f2
https://conda.anaconda.org/conda-forge/linux-64/ld_impl_linux-64-2.40-h41732ed_0.conda#7aca3059a1729aa76c597603f10b0dd3
https://conda.anaconda.org/conda-forge/linux-64/libgfortran5-13.1.0-h15d22d2_0.conda#afb656a334c409dd9805508af1c89c7a
https://conda.anaconda.org/conda-forge/linux-64/libstdcxx-ng-13.1.0-hfd8a6a1_0.conda#067bcc23164642f4c226da631f2a2e1d
https://conda.anaconda.org/conda-forge/linux-64/python_abi-3.11-3_cp311.conda#c2e2630ddb68cf52eec74dc7dfab20b5
https://conda.anaconda.org/conda-forge/noarch/tzdata-2023c-h71feb2d_0.conda#939e3e74d8be4dac89ce83b20de2492a
https://conda.anaconda.org/conda-forge/linux-64/libgfortran-ng-13.1.0-h69a702a_0.conda#506dc07710dd5b0ba63cbf134897fc10
https://conda.anaconda.org/conda-forge/linux-64/libgomp-13.1.0-he5830b7_0.conda#56ca14d57ac29a75d23a39eb3ee0ddeb
https://conda.anaconda.org/conda-forge/linux-64/_openmp_mutex-4.5-2_gnu.tar.bz2#73aaf86a425cc6e73fcf236a5a46396d
https://conda.anaconda.org/conda-forge/linux-64/libgcc-ng-13.1.0-he5830b7_0.conda#cd93f779ff018dd85c7544c015c9db3c
https://conda.anaconda.org/conda-forge/linux-64/bzip2-1.0.8-h7f98852_4.tar.bz2#a1fd65c7ccbf10880423d82bca54eb54
https://conda.anaconda.org/conda-forge/linux-64/gettext-0.21.1-h27087fc_0.tar.bz2#14947d8770185e5153fdd04d4673ed37
https://conda.anaconda.org/conda-forge/linux-64/libexpat-2.5.0-hcb278e6_1.conda#6305a3dd2752c76335295da4e581f2fd
https://conda.anaconda.org/conda-forge/linux-64/libffi-3.4.2-h7f98852_5.tar.bz2#d645c6d2ac96843a2bfaccd2d62b3ac3
https://conda.anaconda.org/conda-forge/linux-64/libiconv-1.17-h166bdaf_0.tar.bz2#b62b52da46c39ee2bc3c162ac7f1804d
https://conda.anaconda.org/conda-forge/linux-64/libnsl-2.0.0-h7f98852_0.tar.bz2#39b1328babf85c7c3a61636d9cd50206
https://conda.anaconda.org/conda-forge/linux-64/libopenblas-0.3.23-pthreads_h80387f5_0.conda#9c5ea51ccb8ffae7d06c645869d24ce6
https://conda.anaconda.org/conda-forge/linux-64/libuuid-2.38.1-h0b41bf4_0.conda#40b61aab5c7ba9ff276c41cfffe6b80b
https://conda.anaconda.org/conda-forge/linux-64/libzlib-1.2.13-hd590300_5.conda#f36c115f1ee199da648e0597ec2047ad
https://conda.anaconda.org/conda-forge/linux-64/ncurses-6.4-hcb278e6_0.conda#681105bccc2a3f7f1a837d47d39c9179
https://conda.anaconda.org/conda-forge/linux-64/openssl-3.1.2-hd590300_0.conda#e5ac5227582d6c83ccf247288c0eb095
https://conda.anaconda.org/conda-forge/linux-64/xz-5.2.6-h166bdaf_0.tar.bz2#2161070d867d1b1204ea749c8eec4ef0
https://conda.anaconda.org/conda-forge/linux-64/expat-2.5.0-hcb278e6_1.conda#8b9b5aca60558d02ddaa09d599e55920
https://conda.anaconda.org/conda-forge/linux-64/libblas-3.9.0-17_linux64_openblas.conda#57fb44770b1bc832fb2dbefa1bd502de
https://conda.anaconda.org/conda-forge/linux-64/libsqlite-3.42.0-h2797004_0.conda#fdaae20a1cf7cd62130a0973190a31b7
https://conda.anaconda.org/conda-forge/linux-64/pcre2-10.40-hc3806b6_0.tar.bz2#69e2c796349cd9b273890bee0febfe1b
https://conda.anaconda.org/conda-forge/linux-64/readline-8.2-h8228510_1.conda#47d31b792659ce70f470b5c82fdfb7a4
https://conda.anaconda.org/conda-forge/linux-64/tk-8.6.12-h27826a3_0.tar.bz2#5b8c42eb62e9fc961af70bdd6a26e168
https://conda.anaconda.org/conda-forge/linux-64/libcblas-3.9.0-17_linux64_openblas.conda#7ef0969b00fe3d6eef56a8151d3afb29
https://conda.anaconda.org/conda-forge/linux-64/libglib-2.76.4-hebfc3b9_0.conda#c6f951789c888f7bbd2dd6858eab69de
https://conda.anaconda.org/conda-forge/linux-64/liblapack-3.9.0-17_linux64_openblas.conda#a2103882c46492e26500fcb56c03de8b
https://conda.anaconda.org/conda-forge/linux-64/python-3.11.4-hab00c5b_0_cpython.conda#1c628861a2a126b9fc9363ca1b7d014e
https://conda.anaconda.org/conda-forge/noarch/attrs-23.1.0-pyh71513ae_1.conda#3edfead7cedd1ab4400a6c588f3e75f8
https://conda.anaconda.org/conda-forge/noarch/bunch-1.0.1-py_1.tar.bz2#1b3c5147dd453af75f7456782b60e5fd
https://conda.anaconda.org/conda-forge/noarch/certifi-2023.7.22-pyhd8ed1ab_0.conda#7f3dbc9179b4dde7da98dfb151d0ad22
https://conda.anaconda.org/conda-forge/noarch/charset-normalizer-3.2.0-pyhd8ed1ab_0.conda#313516e9a4b08b12dfb1e1cd390a96e3
https://conda.anaconda.org/conda-forge/noarch/colorama-0.4.6-pyhd8ed1ab_0.tar.bz2#3faab06a954c2a04039983f2c4a50d99
https://conda.anaconda.org/conda-forge/noarch/crashtest-0.4.1-pyhd8ed1ab_0.tar.bz2#709a2295dd907bb34afb57d54320642f
https://conda.anaconda.org/conda-forge/linux-64/dbus-1.13.6-h5008d03_3.tar.bz2#ecfff944ba3960ecb334b9a2663d708d
https://conda.anaconda.org/conda-forge/noarch/distlib-0.3.7-pyhd8ed1ab_0.conda#12d8aae6994f342618443a8f05c652a0
https://conda.anaconda.org/conda-forge/noarch/filelock-3.12.2-pyhd8ed1ab_0.conda#53522ec72e6adae42bd373ef58357230
https://conda.anaconda.org/conda-forge/noarch/idna-3.4-pyhd8ed1ab_0.tar.bz2#34272b248891bddccc64479f9a7fffed
https://conda.anaconda.org/conda-forge/noarch/jeepney-0.8.0-pyhd8ed1ab_0.tar.bz2#9800ad1699b42612478755a2d26c722d
https://conda.anaconda.org/conda-forge/noarch/lockfile-0.12.2-py_1.tar.bz2#c104d98e09c47519950cffb8dd5b4f10
https://conda.anaconda.org/conda-forge/noarch/more-itertools-10.1.0-pyhd8ed1ab_0.conda#8549fafed0351bbfaa1ddaa15fdf9b4e
https://conda.anaconda.org/conda-forge/linux-64/msgpack-python-1.0.5-py311ha3edf6b_0.conda#7415f24f8c44e44152623d93c5015000
https://conda.anaconda.org/conda-forge/linux-64/numpy-1.25.2-py311h64a7726_0.conda#71fd6f1734a0fa64d8f852ae7156ec45
https://conda.anaconda.org/conda-forge/noarch/packaging-23.1-pyhd8ed1ab_0.conda#91cda59e66e1e4afe9476f8ef98f5c30
https://conda.anaconda.org/conda-forge/noarch/pkginfo-1.9.6-pyhd8ed1ab_0.conda#be1e9f1c65a1ed0f2ae9352fec99db64
https://conda.anaconda.org/conda-forge/noarch/pkgutil-resolve-name-1.3.10-pyhd8ed1ab_0.tar.bz2#89e3c7cdde7d3aaa2aee933b604dd07f
https://conda.anaconda.org/conda-forge/noarch/ptyprocess-0.7.0-pyhd3deb0d_0.tar.bz2#359eeb6536da0e687af562ed265ec263
https://conda.anaconda.org/conda-forge/noarch/pycparser-2.21-pyhd8ed1ab_0.tar.bz2#076becd9e05608f8dc72757d5f3a91ff
https://conda.anaconda.org/conda-forge/noarch/pysocks-1.7.1-pyha2e5f31_6.tar.bz2#2a7de29fb590ca14b5243c4c812c8025
https://conda.anaconda.org/conda-forge/noarch/python-installer-0.7.0-pyhd8ed1ab_0.conda#65dea78f903d686c8b0c2feaf0e15e1f
https://conda.anaconda.org/conda-forge/linux-64/rpds-py-0.9.2-py311h46250e7_0.conda#bcf66b5abaec47198b42cdd0bb968540
https://conda.anaconda.org/conda-forge/noarch/setuptools-68.1.2-pyhd8ed1ab_0.conda#4fe12573bf499ff85a0a364e00cc5c53
https://conda.anaconda.org/conda-forge/noarch/shellingham-1.5.3-pyhd8ed1ab_0.conda#83795060a5d8cd12b90a58bd62bc251e
https://conda.anaconda.org/conda-forge/noarch/six-1.16.0-pyh6c4a22f_0.tar.bz2#e5f25f8dbc060e9a8d912e432202afc2
https://conda.anaconda.org/conda-forge/noarch/tomli-2.0.1-pyhd8ed1ab_0.tar.bz2#5844808ffab9ebdb694585b50ba02a96
https://conda.anaconda.org/conda-forge/noarch/tomlkit-0.12.1-pyha770c72_0.conda#62f5b331c53d73e2f6c4c130b53518a0
https://conda.anaconda.org/conda-forge/noarch/trove-classifiers-2023.8.7-pyhd8ed1ab_0.conda#347293fe36843c704818dcec8364409a
https://conda.anaconda.org/conda-forge/noarch/typing-3.10.0.0-pyhd8ed1ab_0.tar.bz2#e6573ac68718f17b9d4f5c8eda3190f2
https://conda.anaconda.org/conda-forge/noarch/typing_extensions-4.7.1-pyha770c72_0.conda#c39d6a09fe819de4951c2642629d9115
https://conda.anaconda.org/conda-forge/noarch/webencodings-0.5.1-py_1.tar.bz2#3563be4c5611a44210d9ba0c16113136
https://conda.anaconda.org/conda-forge/noarch/wheel-0.41.1-pyhd8ed1ab_0.conda#8f467ba2db2b5470d297953d9c1f9c7d
https://conda.anaconda.org/conda-forge/noarch/zipp-3.16.2-pyhd8ed1ab_0.conda#2da0451b54c4563c32490cb1b7cf68a1
https://conda.anaconda.org/conda-forge/noarch/backports.cached-property-1.0.2-pyhd8ed1ab_0.tar.bz2#0e1df3978dd516e20ef88c86d51e5432
https://conda.anaconda.org/conda-forge/linux-64/cffi-1.15.1-py311h409f033_3.conda#9025d0786dbbe4bc91fd8e85502decce
https://conda.anaconda.org/conda-forge/noarch/html5lib-1.1-pyh9f0ad1d_0.tar.bz2#b2355343d6315c892543200231d7154a
https://conda.anaconda.org/conda-forge/noarch/importlib-metadata-6.8.0-pyha770c72_0.conda#4e9f59a060c3be52bc4ddc46ee9b6946
https://conda.anaconda.org/conda-forge/noarch/importlib_resources-6.0.1-pyhd8ed1ab_0.conda#d978c61aa5fc2c69380d53ad56b5ae86
https://conda.anaconda.org/conda-forge/noarch/jaraco.classes-3.3.0-pyhd8ed1ab_0.conda#e9f79248d30e942f7c358ff21a1790f5
https://conda.anaconda.org/conda-forge/noarch/pexpect-4.8.0-pyh1a96a4e_2.tar.bz2#330448ce4403cc74990ac07c555942a1
https://conda.anaconda.org/conda-forge/noarch/pip-23.2.1-pyhd8ed1ab_0.conda#e2783aa3f9235225eec92f9081c5b801
https://conda.anaconda.org/conda-forge/noarch/pyproject_hooks-1.0.0-pyhd8ed1ab_0.conda#21de50391d584eb7f4441b9de1ad773f
https://conda.anaconda.org/conda-forge/linux-64/rapidfuzz-2.15.1-py311hcafe171_0.conda#41210a40a85d304877c464ae007136c5
https://conda.anaconda.org/conda-forge/noarch/referencing-0.30.2-pyhd8ed1ab_0.conda#a33161b983172ba6ef69d5fc850650cd
https://conda.anaconda.org/conda-forge/noarch/typing-extensions-4.7.1-hd8ed1ab_0.conda#f96688577f1faa58096d06a45136afa2
https://conda.anaconda.org/conda-forge/linux-64/brotlipy-0.7.0-py311hd4cff14_1005.tar.bz2#9bdac7084ecfc08338bae1b976535724
https://conda.anaconda.org/conda-forge/noarch/cleo-2.0.1-pyhd8ed1ab_0.conda#f1c5f2af6676cbe9206e191d1e70f661
https://conda.anaconda.org/conda-forge/linux-64/cryptography-41.0.3-py311h63ff55d_0.conda#cc8ad641cab65dfe59caddbc23a1aeca
https://conda.anaconda.org/conda-forge/noarch/importlib_metadata-6.8.0-hd8ed1ab_0.conda#b279b07ce18058034e5b3606ba103a8b
https://conda.anaconda.org/conda-forge/noarch/jsonschema-specifications-2023.7.1-pyhd8ed1ab_0.conda#7c27ea1bdbe520bb830dcadd59f55cbf
https://conda.anaconda.org/conda-forge/noarch/platformdirs-3.10.0-pyhd8ed1ab_0.conda#0809187ef9b89a3d94a5c24d13936236
https://conda.anaconda.org/conda-forge/noarch/poetry-core-1.6.1-pyhd8ed1ab_0.conda#a6d1f61527c27fcc0165a6701a46b9f4
https://conda.anaconda.org/conda-forge/noarch/python-build-0.10.0-pyhd8ed1ab_1.conda#0ab47ce574f6a8bcb9f2076436e7fedb
https://conda.anaconda.org/conda-forge/noarch/jsonschema-4.19.0-pyhd8ed1ab_1.conda#d442886dffcee45604595fea2ad3a181
https://conda.anaconda.org/conda-forge/noarch/poetry-plugin-export-1.4.0-pyhd8ed1ab_0.conda#00893c7ea4f9f7620706e0aa94c01b6e
https://conda.anaconda.org/conda-forge/noarch/pyopenssl-23.2.0-pyhd8ed1ab_1.conda#34f7d568bf59d18e3fef8c405cbece21
https://conda.anaconda.org/conda-forge/linux-64/secretstorage-3.3.3-py311h38be061_1.tar.bz2#ec745aaae03cc47120c1f11ac7b7bcf5
https://conda.anaconda.org/conda-forge/noarch/virtualenv-20.24.3-pyhd8ed1ab_0.conda#e5abd7f3cb1050de9bce3027d8ffb2e7
https://conda.anaconda.org/conda-forge/linux-64/keyring-23.13.1-py311h38be061_0.conda#0dc0127b1daefefa5e2caa49dde5c230
https://conda.anaconda.org/conda-forge/noarch/urllib3-1.26.15-pyhd8ed1ab_0.conda#27db656619a55d727eaf5a6ece3d2fd6
https://conda.anaconda.org/conda-forge/linux-64/dulwich-0.21.5-py311h459d7ec_0.conda#b730af21b307af8a3095f726fff359aa
https://conda.anaconda.org/conda-forge/noarch/requests-2.31.0-pyhd8ed1ab_0.conda#a30144e4156cdbb236f99ebb49828f8b
https://conda.anaconda.org/conda-forge/noarch/cachecontrol-0.12.14-pyhd8ed1ab_0.conda#db23395890ef31be3c2320fb41b665b0
https://conda.anaconda.org/conda-forge/noarch/requests-toolbelt-1.0.0-pyhd8ed1ab_0.conda#99c98318c8646b08cc764f90ce98906e
https://conda.anaconda.org/conda-forge/noarch/cachecontrol-with-filecache-0.12.14-pyhd8ed1ab_0.conda#43ed0c094b39bb352382db8105ab0b94
https://conda.anaconda.org/conda-forge/noarch/poetry-1.5.1-linux_pyhd8ed1ab_0.conda#7aae42823198731808dd8e7a9745547f
